
Microsoft Visual Studio Solution File, Format Version 12.00
# Visual Studio Version 17
VisualStudioVersion = 17.13.35931.197 d17.13
MinimumVisualStudioVersion = 10.0.40219.1
Project("{FAE04EC0-301F-11D3-BF4B-00C04F79EFBC}") = "OLX.BusinessLogic", "OLX.BusinessLogic\OLX.BusinessLogic.csproj", "{899F4CDF-5EB7-468B-9CFF-36B54DB920A6}"
EndProject
Project("{FAE04EC0-301F-11D3-BF4B-00C04F79EFBC}") = "OLX.Common", "OLX.Common\OLX.Common.csproj", "{F7C07D5D-DE34-4A71-BB6C-CDD2F87CC2CE}"
EndProject
Project("{FAE04EC0-301F-11D3-BF4B-00C04F79EFBC}") = "OLX.API", "OLX.Project.API\OLX.API.csproj", "{B74D0061-6A4B-4CCF-97D5-E5FBBB78FC3B}"
EndProject
Global
	GlobalSection(SolutionConfigurationPlatforms) = preSolution
		Debug|Any CPU = Debug|Any CPU
		Release|Any CPU = Release|Any CPU
	EndGlobalSection
	GlobalSection(ProjectConfigurationPlatforms) = postSolution
		{899F4CDF-5EB7-468B-9CFF-36B54DB920A6}.Debug|Any CPU.ActiveCfg = Debug|Any CPU
		{899F4CDF-5EB7-468B-9CFF-36B54DB920A6}.Debug|Any CPU.Build.0 = Debug|Any CPU
		{899F4CDF-5EB7-468B-9CFF-36B54DB920A6}.Release|Any CPU.ActiveCfg = Release|Any CPU
		{899F4CDF-5EB7-468B-9CFF-36B54DB920A6}.Release|Any CPU.Build.0 = Release|Any CPU
		{F7C07D5D-DE34-4A71-BB6C-CDD2F87CC2CE}.Debug|Any CPU.ActiveCfg = Debug|Any CPU
		{F7C07D5D-DE34-4A71-BB6C-CDD2F87CC2CE}.Debug|Any CPU.Build.0 = Debug|Any CPU
		{F7C07D5D-DE34-4A71-BB6C-CDD2F87CC2CE}.Release|Any CPU.ActiveCfg = Release|Any CPU
		{F7C07D5D-DE34-4A71-BB6C-CDD2F87CC2CE}.Release|Any CPU.Build.0 = Release|Any CPU
		{B74D0061-6A4B-4CCF-97D5-E5FBBB78FC3B}.Debug|Any CPU.ActiveCfg = Debug|Any CPU
		{B74D0061-6A4B-4CCF-97D5-E5FBBB78FC3B}.Debug|Any CPU.Build.0 = Debug|Any CPU
		{B74D0061-6A4B-4CCF-97D5-E5FBBB78FC3B}.Release|Any CPU.ActiveCfg = Release|Any CPU
		{B74D0061-6A4B-4CCF-97D5-E5FBBB78FC3B}.Release|Any CPU.Build.0 = Release|Any CPU
	EndGlobalSection
	GlobalSection(SolutionProperties) = preSolution
		HideSolutionNode = FALSE
	EndGlobalSection
	GlobalSection(ExtensibilityGlobals) = postSolution
		SolutionGuid = {3B2E4A0B-4C77-4F6B-86C2-94B153C78567}
	EndGlobalSection
EndGlobal
